
Microsoft Visual Studio Solution File, Format Version 12.00
# Visual Studio Version 16
VisualStudioVersion = 16.0.29503.13
MinimumVisualStudioVersion = 10.0.40219.1
Project("{FAE04EC0-301F-11D3-BF4B-00C04F79EFBC}") = "LineMap", "LineMap\LineMap.csproj", "{00FEC770-0F2A-46E3-894F-C8DF77D59F32}"
EndProject
Project("{FAE04EC0-301F-11D3-BF4B-00C04F79EFBC}") = "PLCConnector", "PLCConnector\PLCConnector.csproj", "{192E95C1-9E74-48AA-8677-1BFDF2068BB2}"
EndProject
Global
	GlobalSection(SolutionConfigurationPlatforms) = preSolution
		Debug|Any CPU = Debug|Any CPU
		Release|Any CPU = Release|Any CPU
	EndGlobalSection
	GlobalSection(ProjectConfigurationPlatforms) = postSolution
		{00FEC770-0F2A-46E3-894F-C8DF77D59F32}.Debug|Any CPU.ActiveCfg = Debug|Any CPU
		{00FEC770-0F2A-46E3-894F-C8DF77D59F32}.Debug|Any CPU.Build.0 = Debug|Any CPU
		{00FEC770-0F2A-46E3-894F-C8DF77D59F32}.Release|Any CPU.ActiveCfg = Release|Any CPU
		{00FEC770-0F2A-46E3-894F-C8DF77D59F32}.Release|Any CPU.Build.0 = Release|Any CPU
		{192E95C1-9E74-48AA-8677-1BFDF2068BB2}.Debug|Any CPU.ActiveCfg = Debug|Any CPU
		{192E95C1-9E74-48AA-8677-1BFDF2068BB2}.Debug|Any CPU.Build.0 = Debug|Any CPU
		{192E95C1-9E74-48AA-8677-1BFDF2068BB2}.Release|Any CPU.ActiveCfg = Release|Any CPU
		{192E95C1-9E74-48AA-8677-1BFDF2068BB2}.Release|Any CPU.Build.0 = Release|Any CPU
	EndGlobalSection
	GlobalSection(SolutionProperties) = preSolution
		HideSolutionNode = FALSE
	EndGlobalSection
	GlobalSection(ExtensibilityGlobals) = postSolution
		SolutionGuid = {901B97F0-DA24-4DDE-8DDA-935A0DC2FE1F}
	EndGlobalSection
EndGlobal
